// !$*UTF8*$!
{
	archiveVersion = 1;
	classes = {
	};
	objectVersion = 46;
	objects = {

/* Begin PBXBuildFile section */
		8ACD5A61148D38C60009EE4D /* UIKit.framework in Frameworks */ = {isa = PBXBuildFile; fileRef = 8ACD5A60148D38C60009EE4D /* UIKit.framework */; };
		8ACD5A63148D38C60009EE4D /* Foundation.framework in Frameworks */ = {isa = PBXBuildFile; fileRef = 8ACD5A62148D38C60009EE4D /* Foundation.framework */; };
		8ACD5A65148D38C60009EE4D /* CoreGraphics.framework in Frameworks */ = {isa = PBXBuildFile; fileRef = 8ACD5A64148D38C60009EE4D /* CoreGraphics.framework */; };
		8ACD5A6D148D38C60009EE4D /* main.m in Sources */ = {isa = PBXBuildFile; fileRef = 8ACD5A6C148D38C60009EE4D /* main.m */; };
		8ACD5A71148D38C60009EE4D /* VUAppDelegate.m in Sources */ = {isa = PBXBuildFile; fileRef = 8ACD5A70148D38C60009EE4D /* VUAppDelegate.m */; };
		8ACD5A74148D38C60009EE4D /* MainStoryboard.storyboard in Resources */ = {isa = PBXBuildFile; fileRef = 8ACD5A72148D38C60009EE4D /* MainStoryboard.storyboard */; };
		8ACD5A77148D38C60009EE4D /* VUMasterViewController.m in Sources */ = {isa = PBXBuildFile; fileRef = 8ACD5A76148D38C60009EE4D /* VUMasterViewController.m */; };
		8ACD5A7A148D38C60009EE4D /* VUDetailViewController.m in Sources */ = {isa = PBXBuildFile; fileRef = 8ACD5A79148D38C60009EE4D /* VUDetailViewController.m */; };
		8ACD5A93148D3CDF0009EE4D /* libMarkdownKit.a in Frameworks */ = {isa = PBXBuildFile; fileRef = 8ACD5A92148D3CDF0009EE4D /* libMarkdownKit.a */; };
		8ACD5A95148D3D5A0009EE4D /* DropboxSDK.framework in Frameworks */ = {isa = PBXBuildFile; fileRef = 8ACD5A94148D3D5A0009EE4D /* DropboxSDK.framework */; };
		8ACD5A97148D3DA00009EE4D /* Security.framework in Frameworks */ = {isa = PBXBuildFile; fileRef = 8ACD5A96148D3DA00009EE4D /* Security.framework */; };
		8ACD5A9A148D3F900009EE4D /* VUBlogPost.m in Sources */ = {isa = PBXBuildFile; fileRef = 8ACD5A99148D3F900009EE4D /* VUBlogPost.m */; };
		8ACD5AA7148D45EE0009EE4D /* Icon-72.png in Resources */ = {isa = PBXBuildFile; fileRef = 8ACD5AA0148D45EE0009EE4D /* Icon-72.png */; };
		8ACD5AA8148D45EE0009EE4D /* Icon-Small-50.png in Resources */ = {isa = PBXBuildFile; fileRef = 8ACD5AA1148D45EE0009EE4D /* Icon-Small-50.png */; };
		8ACD5AA9148D45EE0009EE4D /* Icon-Small.png in Resources */ = {isa = PBXBuildFile; fileRef = 8ACD5AA2148D45EE0009EE4D /* Icon-Small.png */; };
		8ACD5AAA148D45EE0009EE4D /* Icon-Small@2x.png in Resources */ = {isa = PBXBuildFile; fileRef = 8ACD5AA3148D45EE0009EE4D /* Icon-Small@2x.png */; };
		8ACD5AAB148D45EE0009EE4D /* Icon.png in Resources */ = {isa = PBXBuildFile; fileRef = 8ACD5AA4148D45EE0009EE4D /* Icon.png */; };
		8ACD5AAC148D45EE0009EE4D /* Icon@2x.png in Resources */ = {isa = PBXBuildFile; fileRef = 8ACD5AA5148D45EE0009EE4D /* Icon@2x.png */; };
		8ACD5AB1148D46CB0009EE4D /* VUDropboxHandler.m in Sources */ = {isa = PBXBuildFile; fileRef = 8ACD5AB0148D46CB0009EE4D /* VUDropboxHandler.m */; };
/* End PBXBuildFile section */

/* Begin PBXFileReference section */
		8ACD5A5C148D38C60009EE4D /* Albatross.app */ = {isa = PBXFileReference; explicitFileType = wrapper.application; includeInIndex = 0; path = Albatross.app; sourceTree = BUILT_PRODUCTS_DIR; };
		8ACD5A60148D38C60009EE4D /* UIKit.framework */ = {isa = PBXFileReference; lastKnownFileType = wrapper.framework; name = UIKit.framework; path = System/Library/Frameworks/UIKit.framework; sourceTree = SDKROOT; };
		8ACD5A62148D38C60009EE4D /* Foundation.framework */ = {isa = PBXFileReference; lastKnownFileType = wrapper.framework; name = Foundation.framework; path = System/Library/Frameworks/Foundation.framework; sourceTree = SDKROOT; };
		8ACD5A64148D38C60009EE4D /* CoreGraphics.framework */ = {isa = PBXFileReference; lastKnownFileType = wrapper.framework; name = CoreGraphics.framework; path = System/Library/Frameworks/CoreGraphics.framework; sourceTree = SDKROOT; };
		8ACD5A68148D38C60009EE4D /* Albatross-Info.plist */ = {isa = PBXFileReference; lastKnownFileType = text.plist.xml; path = "Albatross-Info.plist"; sourceTree = "<group>"; };
		8ACD5A6C148D38C60009EE4D /* main.m */ = {isa = PBXFileReference; lastKnownFileType = sourcecode.c.objc; path = main.m; sourceTree = "<group>"; };
		8ACD5A6E148D38C60009EE4D /* Albatross-Prefix.pch */ = {isa = PBXFileReference; lastKnownFileType = sourcecode.c.h; path = "Albatross-Prefix.pch"; sourceTree = "<group>"; };
		8ACD5A6F148D38C60009EE4D /* VUAppDelegate.h */ = {isa = PBXFileReference; lastKnownFileType = sourcecode.c.h; path = VUAppDelegate.h; sourceTree = "<group>"; };
		8ACD5A70148D38C60009EE4D /* VUAppDelegate.m */ = {isa = PBXFileReference; lastKnownFileType = sourcecode.c.objc; path = VUAppDelegate.m; sourceTree = "<group>"; };
		8ACD5A73148D38C60009EE4D /* en */ = {isa = PBXFileReference; lastKnownFileType = file.storyboard; name = en; path = en.lproj/MainStoryboard.storyboard; sourceTree = "<group>"; };
		8ACD5A75148D38C60009EE4D /* VUMasterViewController.h */ = {isa = PBXFileReference; lastKnownFileType = sourcecode.c.h; path = VUMasterViewController.h; sourceTree = "<group>"; };
		8ACD5A76148D38C60009EE4D /* VUMasterViewController.m */ = {isa = PBXFileReference; lastKnownFileType = sourcecode.c.objc; path = VUMasterViewController.m; sourceTree = "<group>"; };
		8ACD5A78148D38C60009EE4D /* VUDetailViewController.h */ = {isa = PBXFileReference; lastKnownFileType = sourcecode.c.h; path = VUDetailViewController.h; sourceTree = "<group>"; };
		8ACD5A79148D38C60009EE4D /* VUDetailViewController.m */ = {isa = PBXFileReference; lastKnownFileType = sourcecode.c.objc; path = VUDetailViewController.m; sourceTree = "<group>"; };
		8ACD5A92148D3CDF0009EE4D /* libMarkdownKit.a */ = {isa = PBXFileReference; lastKnownFileType = archive.ar; path = libMarkdownKit.a; sourceTree = "<group>"; };
		8ACD5A94148D3D5A0009EE4D /* DropboxSDK.framework */ = {isa = PBXFileReference; lastKnownFileType = wrapper.framework; path = DropboxSDK.framework; sourceTree = "<group>"; };
		8ACD5A96148D3DA00009EE4D /* Security.framework */ = {isa = PBXFileReference; lastKnownFileType = wrapper.framework; name = Security.framework; path = System/Library/Frameworks/Security.framework; sourceTree = SDKROOT; };
		8ACD5A98148D3F900009EE4D /* VUBlogPost.h */ = {isa = PBXFileReference; fileEncoding = 4; lastKnownFileType = sourcecode.c.h; path = VUBlogPost.h; sourceTree = "<group>"; };
		8ACD5A99148D3F900009EE4D /* VUBlogPost.m */ = {isa = PBXFileReference; fileEncoding = 4; lastKnownFileType = sourcecode.c.objc; path = VUBlogPost.m; sourceTree = "<group>"; };
		8ACD5AA0148D45EE0009EE4D /* Icon-72.png */ = {isa = PBXFileReference; lastKnownFileType = image.png; path = "Icon-72.png"; sourceTree = SOURCE_ROOT; };
		8ACD5AA1148D45EE0009EE4D /* Icon-Small-50.png */ = {isa = PBXFileReference; lastKnownFileType = image.png; path = "Icon-Small-50.png"; sourceTree = SOURCE_ROOT; };
		8ACD5AA2148D45EE0009EE4D /* Icon-Small.png */ = {isa = PBXFileReference; lastKnownFileType = image.png; path = "Icon-Small.png"; sourceTree = SOURCE_ROOT; };
		8ACD5AA3148D45EE0009EE4D /* Icon-Small@2x.png */ = {isa = PBXFileReference; lastKnownFileType = image.png; path = "Icon-Small@2x.png"; sourceTree = SOURCE_ROOT; };
		8ACD5AA4148D45EE0009EE4D /* Icon.png */ = {isa = PBXFileReference; lastKnownFileType = image.png; path = Icon.png; sourceTree = SOURCE_ROOT; };
		8ACD5AA5148D45EE0009EE4D /* Icon@2x.png */ = {isa = PBXFileReference; lastKnownFileType = image.png; path = "Icon@2x.png"; sourceTree = SOURCE_ROOT; };
		8ACD5AAF148D46CB0009EE4D /* VUDropboxHandler.h */ = {isa = PBXFileReference; fileEncoding = 4; lastKnownFileType = sourcecode.c.h; path = VUDropboxHandler.h; sourceTree = "<group>"; };
		8ACD5AB0148D46CB0009EE4D /* VUDropboxHandler.m */ = {isa = PBXFileReference; fileEncoding = 4; lastKnownFileType = sourcecode.c.objc; path = VUDropboxHandler.m; sourceTree = "<group>"; };
/* End PBXFileReference section */

/* Begin PBXFrameworksBuildPhase section */
		8ACD5A59148D38C50009EE4D /* Frameworks */ = {
			isa = PBXFrameworksBuildPhase;
			buildActionMask = 2147483647;
			files = (
				8ACD5A97148D3DA00009EE4D /* Security.framework in Frameworks */,
				8ACD5A61148D38C60009EE4D /* UIKit.framework in Frameworks */,
				8ACD5A63148D38C60009EE4D /* Foundation.framework in Frameworks */,
				8ACD5A65148D38C60009EE4D /* CoreGraphics.framework in Frameworks */,
				8ACD5A93148D3CDF0009EE4D /* libMarkdownKit.a in Frameworks */,
				8ACD5A95148D3D5A0009EE4D /* DropboxSDK.framework in Frameworks */,
			);
			runOnlyForDeploymentPostprocessing = 0;
		};
/* End PBXFrameworksBuildPhase section */

/* Begin PBXGroup section */
		8ACD5A51148D38C50009EE4D = {
			isa = PBXGroup;
			children = (
				8ACD5A66148D38C60009EE4D /* Albatross */,
				8ACD5A5F148D38C60009EE4D /* Frameworks */,
				8ACD5A5D148D38C60009EE4D /* Products */,
			);
			sourceTree = "<group>";
		};
		8ACD5A5D148D38C60009EE4D /* Products */ = {
			isa = PBXGroup;
			children = (
				8ACD5A5C148D38C60009EE4D /* Albatross.app */,
			);
			name = Products;
			sourceTree = "<group>";
		};
		8ACD5A5F148D38C60009EE4D /* Frameworks */ = {
			isa = PBXGroup;
			children = (
				8ACD5A92148D3CDF0009EE4D /* libMarkdownKit.a */,
				8ACD5A64148D38C60009EE4D /* CoreGraphics.framework */,
				8ACD5A94148D3D5A0009EE4D /* DropboxSDK.framework */,
				8ACD5A62148D38C60009EE4D /* Foundation.framework */,
				8ACD5A96148D3DA00009EE4D /* Security.framework */,
				8ACD5A60148D38C60009EE4D /* UIKit.framework */,
			);
			name = Frameworks;
			sourceTree = "<group>";
		};
		8ACD5A66148D38C60009EE4D /* Albatross */ = {
			isa = PBXGroup;
			children = (
				8ACD5A6F148D38C60009EE4D /* VUAppDelegate.h */,
				8ACD5A70148D38C60009EE4D /* VUAppDelegate.m */,
				8ACD5A81148D39750009EE4D /* Controller */,
				8ACD5AAE148D46B10009EE4D /* Dropbox */,
				8ACD5A80148D395F0009EE4D /* Model */,
				8ACD5A9F148D45CD0009EE4D /* Resources */,
				8ACD5A67148D38C60009EE4D /* Supporting Files */,
				8ACD5A72148D38C60009EE4D /* MainStoryboard.storyboard */,
			);
			path = Albatross;
			sourceTree = "<group>";
		};
		8ACD5A67148D38C60009EE4D /* Supporting Files */ = {
			isa = PBXGroup;
			children = (
				8ACD5A68148D38C60009EE4D /* Albatross-Info.plist */,
				8ACD5A6E148D38C60009EE4D /* Albatross-Prefix.pch */,
				8ACD5A6C148D38C60009EE4D /* main.m */,
			);
			name = "Supporting Files";
			sourceTree = "<group>";
		};
		8ACD5A80148D395F0009EE4D /* Model */ = {
			isa = PBXGroup;
			children = (
				8ACD5A98148D3F900009EE4D /* VUBlogPost.h */,
				8ACD5A99148D3F900009EE4D /* VUBlogPost.m */,
			);
			name = Model;
			sourceTree = "<group>";
		};
		8ACD5A81148D39750009EE4D /* Controller */ = {
			isa = PBXGroup;
			children = (
				8ACD5A75148D38C60009EE4D /* VUMasterViewController.h */,
				8ACD5A76148D38C60009EE4D /* VUMasterViewController.m */,
				8ACD5A78148D38C60009EE4D /* VUDetailViewController.h */,
				8ACD5A79148D38C60009EE4D /* VUDetailViewController.m */,
			);
			name = Controller;
			sourceTree = "<group>";
		};
		8ACD5A9F148D45CD0009EE4D /* Resources */ = {
			isa = PBXGroup;
			children = (
				8ACD5AA0148D45EE0009EE4D /* Icon-72.png */,
				8ACD5AA1148D45EE0009EE4D /* Icon-Small-50.png */,
				8ACD5AA2148D45EE0009EE4D /* Icon-Small.png */,
				8ACD5AA3148D45EE0009EE4D /* Icon-Small@2x.png */,
				8ACD5AA4148D45EE0009EE4D /* Icon.png */,
				8ACD5AA5148D45EE0009EE4D /* Icon@2x.png */,
			);
			name = Resources;
			sourceTree = "<group>";
		};
		8ACD5AAE148D46B10009EE4D /* Dropbox */ = {
			isa = PBXGroup;
			children = (
				8ACD5AAF148D46CB0009EE4D /* VUDropboxHandler.h */,
				8ACD5AB0148D46CB0009EE4D /* VUDropboxHandler.m */,
			);
			name = Dropbox;
			sourceTree = "<group>";
		};
/* End PBXGroup section */

/* Begin PBXNativeTarget section */
		8ACD5A5B148D38C50009EE4D /* Albatross */ = {
			isa = PBXNativeTarget;
			buildConfigurationList = 8ACD5A7D148D38C60009EE4D /* Build configuration list for PBXNativeTarget "Albatross" */;
			buildPhases = (
				8ACD5A58148D38C50009EE4D /* Sources */,
				8ACD5A59148D38C50009EE4D /* Frameworks */,
				8ACD5A5A148D38C50009EE4D /* Resources */,
			);
			buildRules = (
			);
			dependencies = (
			);
			name = Albatross;
			productName = Albatross;
			productReference = 8ACD5A5C148D38C60009EE4D /* Albatross.app */;
			productType = "com.apple.product-type.application";
		};
/* End PBXNativeTarget section */

/* Begin PBXProject section */
		8ACD5A53148D38C50009EE4D /* Project object */ = {
			isa = PBXProject;
			attributes = {
				LastUpgradeCheck = 0420;
				ORGANIZATIONNAME = "Extessy AG";
			};
			buildConfigurationList = 8ACD5A56148D38C50009EE4D /* Build configuration list for PBXProject "Albatross" */;
			compatibilityVersion = "Xcode 3.2";
			developmentRegion = English;
			hasScannedForEncodings = 0;
			knownRegions = (
				en,
			);
			mainGroup = 8ACD5A51148D38C50009EE4D;
			productRefGroup = 8ACD5A5D148D38C60009EE4D /* Products */;
			projectDirPath = "";
			projectRoot = "";
			targets = (
				8ACD5A5B148D38C50009EE4D /* Albatross */,
			);
		};
/* End PBXProject section */

/* Begin PBXResourcesBuildPhase section */
		8ACD5A5A148D38C50009EE4D /* Resources */ = {
			isa = PBXResourcesBuildPhase;
			buildActionMask = 2147483647;
			files = (
				8ACD5A74148D38C60009EE4D /* MainStoryboard.storyboard in Resources */,
				8ACD5AA7148D45EE0009EE4D /* Icon-72.png in Resources */,
				8ACD5AA8148D45EE0009EE4D /* Icon-Small-50.png in Resources */,
				8ACD5AA9148D45EE0009EE4D /* Icon-Small.png in Resources */,
				8ACD5AAA148D45EE0009EE4D /* Icon-Small@2x.png in Resources */,
				8ACD5AAB148D45EE0009EE4D /* Icon.png in Resources */,
				8ACD5AAC148D45EE0009EE4D /* Icon@2x.png in Resources */,
			);
			runOnlyForDeploymentPostprocessing = 0;
		};
/* End PBXResourcesBuildPhase section */

/* Begin PBXSourcesBuildPhase section */
		8ACD5A58148D38C50009EE4D /* Sources */ = {
			isa = PBXSourcesBuildPhase;
			buildActionMask = 2147483647;
			files = (
				8ACD5A6D148D38C60009EE4D /* main.m in Sources */,
				8ACD5A71148D38C60009EE4D /* VUAppDelegate.m in Sources */,
				8ACD5A77148D38C60009EE4D /* VUMasterViewController.m in Sources */,
				8ACD5A7A148D38C60009EE4D /* VUDetailViewController.m in Sources */,
				8ACD5A9A148D3F900009EE4D /* VUBlogPost.m in Sources */,
				8ACD5AB1148D46CB0009EE4D /* VUDropboxHandler.m in Sources */,
			);
			runOnlyForDeploymentPostprocessing = 0;
		};
/* End PBXSourcesBuildPhase section */

/* Begin PBXVariantGroup section */
		8ACD5A72148D38C60009EE4D /* MainStoryboard.storyboard */ = {
			isa = PBXVariantGroup;
			children = (
				8ACD5A73148D38C60009EE4D /* en */,
			);
			name = MainStoryboard.storyboard;
			sourceTree = "<group>";
		};
/* End PBXVariantGroup section */

/* Begin XCBuildConfiguration section */
		8ACD5A7B148D38C60009EE4D /* Debug */ = {
			isa = XCBuildConfiguration;
			buildSettings = {
				ALWAYS_SEARCH_USER_PATHS = NO;
				ARCHS = "$(ARCHS_STANDARD_32_BIT)";
				CLANG_ENABLE_OBJC_ARC = YES;
				"CODE_SIGN_IDENTITY[sdk=iphoneos*]" = "iPhone Developer";
				COPY_PHASE_STRIP = NO;
				GCC_C_LANGUAGE_STANDARD = gnu99;
				GCC_DYNAMIC_NO_PIC = NO;
				GCC_OPTIMIZATION_LEVEL = 0;
				GCC_PREPROCESSOR_DEFINITIONS = (
					"DEBUG=1",
					"$(inherited)",
				);
				GCC_SYMBOLS_PRIVATE_EXTERN = NO;
				GCC_TREAT_WARNINGS_AS_ERRORS = YES;
				GCC_VERSION = com.apple.compilers.llvm.clang.1_0;
				GCC_WARN_ABOUT_MISSING_PROTOTYPES = YES;
				GCC_WARN_ABOUT_RETURN_TYPE = YES;
				GCC_WARN_UNUSED_VARIABLE = YES;
				IPHONEOS_DEPLOYMENT_TARGET = 5.0;
				SDKROOT = iphoneos;
			};
			name = Debug;
		};
		8ACD5A7C148D38C60009EE4D /* Release */ = {
			isa = XCBuildConfiguration;
			buildSettings = {
				ALWAYS_SEARCH_USER_PATHS = NO;
				ARCHS = "$(ARCHS_STANDARD_32_BIT)";
				CLANG_ENABLE_OBJC_ARC = YES;
				"CODE_SIGN_IDENTITY[sdk=iphoneos*]" = "iPhone Developer";
				COPY_PHASE_STRIP = YES;
				GCC_C_LANGUAGE_STANDARD = gnu99;
				GCC_TREAT_WARNINGS_AS_ERRORS = YES;
				GCC_VERSION = com.apple.compilers.llvm.clang.1_0;
				GCC_WARN_ABOUT_MISSING_PROTOTYPES = YES;
				GCC_WARN_ABOUT_RETURN_TYPE = YES;
				GCC_WARN_UNUSED_VARIABLE = YES;
				IPHONEOS_DEPLOYMENT_TARGET = 5.0;
				OTHER_CFLAGS = "-DNS_BLOCK_ASSERTIONS=1";
				SDKROOT = iphoneos;
				VALIDATE_PRODUCT = YES;
			};
			name = Release;
		};
		8ACD5A7E148D38C60009EE4D /* Debug */ = {
			isa = XCBuildConfiguration;
			buildSettings = {
				FRAMEWORK_SEARCH_PATHS = (
					"$(inherited)",
					"\"$(SRCROOT)\"",
				);
				GCC_PRECOMPILE_PREFIX_HEADER = YES;
				GCC_PREFIX_HEADER = "Albatross/Albatross-Prefix.pch";
				INFOPLIST_FILE = "Albatross/Albatross-Info.plist";
				LIBRARY_SEARCH_PATHS = (
					"$(inherited)",
					"\"$(SRCROOT)\"",
				);
				PRODUCT_NAME = "$(TARGET_NAME)";
				WRAPPER_EXTENSION = app;
			};
			name = Debug;
		};
		8ACD5A7F148D38C60009EE4D /* Release */ = {
			isa = XCBuildConfiguration;
			buildSettings = {
				FRAMEWORK_SEARCH_PATHS = (
					"$(inherited)",
					"\"$(SRCROOT)\"",
				);
				GCC_PRECOMPILE_PREFIX_HEADER = YES;
				GCC_PREFIX_HEADER = "Albatross/Albatross-Prefix.pch";
				INFOPLIST_FILE = "Albatross/Albatross-Info.plist";
				LIBRARY_SEARCH_PATHS = (
					"$(inherited)",
					"\"$(SRCROOT)\"",
				);
				PRODUCT_NAME = "$(TARGET_NAME)";
				WRAPPER_EXTENSION = app;
			};
			name = Release;
		};
/* End XCBuildConfiguration section */

/* Begin XCConfigurationList section */
		8ACD5A56148D38C50009EE4D /* Build configuration list for PBXProject "Albatross" */ = {
			isa = XCConfigurationList;
			buildConfigurations = (
				8ACD5A7B148D38C60009EE4D /* Debug */,
				8ACD5A7C148D38C60009EE4D /* Release */,
			);
			defaultConfigurationIsVisible = 0;
			defaultConfigurationName = Release;
		};
		8ACD5A7D148D38C60009EE4D /* Build configuration list for PBXNativeTarget "Albatross" */ = {
			isa = XCConfigurationList;
			buildConfigurations = (
				8ACD5A7E148D38C60009EE4D /* Debug */,
				8ACD5A7F148D38C60009EE4D /* Release */,
			);
			defaultConfigurationIsVisible = 0;
		};
/* End XCConfigurationList section */
	};
	rootObject = 8ACD5A53148D38C50009EE4D /* Project object */;
}
